Microsoft Visual Studio Solution File, Format Version 12.00
# Visual Studio Version 17
VisualStudioVersion = 17.5.2.0
MinimumVisualStudioVersion = 10.0.40219.1
Project("{FAE04EC0-301F-11D3-BF4B-00C04F79EFBC}") = "GFlow.Api", "GFlow.Api\GFlow.Api.csproj", "{07C96429-F240-AD2F-F5C9-0029F61464C0}"
EndProject
Project("{FAE04EC0-301F-11D3-BF4B-00C04F79EFBC}") = "GFlow.Application", "GFlow.Application\GFlow.Application.csproj", "{3A75E27D-589E-3464-6B06-A895182F9456}"
EndProject
Project("{FAE04EC0-301F-11D3-BF4B-00C04F79EFBC}") = "GFlow.Domain", "GFlow.Domain\GFlow.Domain.csproj", "{4F01B983-FE81-56F1-97A4-6C60E89A004F}"
EndProject
Project("{FAE04EC0-301F-11D3-BF4B-00C04F79EFBC}") = "GFlow.Infrastructure", "GFlow.Infrastructure\GFlow.Infrastructure.csproj", "{77A17D7F-9C27-0394-0AB0-CBB78DDA5FDD}"
EndProject
Global
	GlobalSection(SolutionConfigurationPlatforms) = preSolution
		Debug|Any CPU = Debug|Any CPU
		Release|Any CPU = Release|Any CPU
	EndGlobalSection
	GlobalSection(ProjectConfigurationPlatforms) = postSolution
		{07C96429-F240-AD2F-F5C9-0029F61464C0}.Debug|Any CPU.ActiveCfg = Debug|Any CPU
		{07C96429-F240-AD2F-F5C9-0029F61464C0}.Debug|Any CPU.Build.0 = Debug|Any CPU
		{07C96429-F240-AD2F-F5C9-0029F61464C0}.Release|Any CPU.ActiveCfg = Release|Any CPU
		{07C96429-F240-AD2F-F5C9-0029F61464C0}.Release|Any CPU.Build.0 = Release|Any CPU
		{3A75E27D-589E-3464-6B06-A895182F9456}.Debug|Any CPU.ActiveCfg = Debug|Any CPU
		{3A75E27D-589E-3464-6B06-A895182F9456}.Debug|Any CPU.Build.0 = Debug|Any CPU
		{3A75E27D-589E-3464-6B06-A895182F9456}.Release|Any CPU.ActiveCfg = Release|Any CPU
		{3A75E27D-589E-3464-6B06-A895182F9456}.Release|Any CPU.Build.0 = Release|Any CPU
		{4F01B983-FE81-56F1-97A4-6C60E89A004F}.Debug|Any CPU.ActiveCfg = Debug|Any CPU
		{4F01B983-FE81-56F1-97A4-6C60E89A004F}.Debug|Any CPU.Build.0 = Debug|Any CPU
		{4F01B983-FE81-56F1-97A4-6C60E89A004F}.Release|Any CPU.ActiveCfg = Release|Any CPU
		{4F01B983-FE81-56F1-97A4-6C60E89A004F}.Release|Any CPU.Build.0 = Release|Any CPU
		{77A17D7F-9C27-0394-0AB0-CBB78DDA5FDD}.Debug|Any CPU.ActiveCfg = Debug|Any CPU
		{77A17D7F-9C27-0394-0AB0-CBB78DDA5FDD}.Debug|Any CPU.Build.0 = Debug|Any CPU
		{77A17D7F-9C27-0394-0AB0-CBB78DDA5FDD}.Release|Any CPU.ActiveCfg = Release|Any CPU
		{77A17D7F-9C27-0394-0AB0-CBB78DDA5FDD}.Release|Any CPU.Build.0 = Release|Any CPU
	EndGlobalSection
	GlobalSection(SolutionProperties) = preSolution
		HideSolutionNode = FALSE
	EndGlobalSection
	GlobalSection(ExtensibilityGlobals) = postSolution
		SolutionGuid = {5319E2A0-21D9-4C04-A91F-61F727145F5E}
	EndGlobalSection
EndGlobal
